{
  "version": 4,
  "terraform_version": "1.9.8",
  "serial": 27,
  "lineage": "ef3f35ee-9a74-7765-8839-d0ec517704cc",
  "outputs": {},
  "resources": [
    {
      "mode": "managed",
      "type": "virtualbox_vm",
      "name": "node",
      "provider": "provider[\"registry.terraform.io/terra-farm/virtualbox\"]",
      "instances": [
        {
          "index_key": 0,
          "status": "tainted",
          "schema_version": 0,
          "attributes": {
            "boot_order": null,
            "checksum": null,
            "checksum_type": null,
            "cpus": 2,
            "id": "953a7280-c7b0-480c-8e35-efd22948bac9",
            "image": "http://localhost:8080/RHEL9.box",
            "memory": "512 mib",
            "name": "node-01",
            "network_adapter": [
              {
                "device": "IntelPro1000MTServer",
                "host_interface": "Realtek RTL8852BE WiFi 6 802.11ax PCIe Adapter",
                "ipv4_address": "",
                "ipv4_address_available": "",
                "mac_address": "",
                "status": "",
                "type": "bridged"
              }
            ],
            "optical_disks": null,
            "status": "running",
            "url": null,
            "user_data": null
          },
          "sensitive_attributes": [],
          "private": "bnVsbA=="
        },
        {
          "index_key": 1,
          "status": "tainted",
          "schema_version": 0,
          "attributes": {
            "boot_order": null,
            "checksum": null,
            "checksum_type": null,
            "cpus": 2,
            "id": "8887e8b7-b4ee-4420-9b56-8a83388a4a5c",
            "image": "http://localhost:8080/RHEL9.box",
            "memory": "512 mib",
            "name": "node-02",
            "network_adapter": [
              {
                "device": "IntelPro1000MTServer",
                "host_interface": "Realtek RTL8852BE WiFi 6 802.11ax PCIe Adapter",
                "ipv4_address": "",
                "ipv4_address_available": "",
                "mac_address": "",
                "status": "",
                "type": "bridged"
              }
            ],
            "optical_disks": null,
            "status": "running",
            "url": null,
            "user_data": null
          },
          "sensitive_attributes": [],
          "private": "bnVsbA=="
        },
        {
          "index_key": 2,
          "status": "tainted",
          "schema_version": 0,
          "attributes": {
            "boot_order": null,
            "checksum": null,
            "checksum_type": null,
            "cpus": 2,
            "id": "13119ee0-b5dd-4331-b0f5-278a1c7c41e5",
            "image": "http://localhost:8080/RHEL9.box",
            "memory": "512 mib",
            "name": "node-03",
            "network_adapter": [
              {
                "device": "IntelPro1000MTServer",
                "host_interface": "Realtek RTL8852BE WiFi 6 802.11ax PCIe Adapter",
                "ipv4_address": "",
                "ipv4_address_available": "",
                "mac_address": "",
                "status": "",
                "type": "bridged"
              }
            ],
            "optical_disks": null,
            "status": "running",
            "url": null,
            "user_data": null
          },
          "sensitive_attributes": [],
          "private": "bnVsbA=="
        }
      ]
    }
  ],
  "check_results": null
}
